// !$*UTF8*$!
{
	archiveVersion = 1;
	classes = {
	};
	objectVersion = 46;
	objects = {

/* Begin PBXBuildFile section */
		C88357EC1E0E57BC00797CF6 /* main.m in Sources */ = {isa = PBXBuildFile; fileRef = C88357EB1E0E57BC00797CF6 /* main.m */; };
		C88357EF1E0E57BC00797CF6 /* AppDelegate.m in Sources */ = {isa = PBXBuildFile; fileRef = C88357EE1E0E57BC00797CF6 /* AppDelegate.m */; };
		C88357F21E0E57BC00797CF6 /* ViewController.m in Sources */ = {isa = PBXBuildFile; fileRef = C88357F11E0E57BC00797CF6 /* ViewController.m */; };
		C88357F51E0E57BC00797CF6 /* Main.storyboard in Resources */ = {isa = PBXBuildFile; fileRef = C88357F31E0E57BC00797CF6 /* Main.storyboard */; };
		C88357F71E0E57BC00797CF6 /* Assets.xcassets in Resources */ = {isa = PBXBuildFile; fileRef = C88357F61E0E57BC00797CF6 /* Assets.xcassets */; };
		C88357FA1E0E57BD00797CF6 /* LaunchScreen.storyboard in Resources */ = {isa = PBXBuildFile; fileRef = C88357F81E0E57BD00797CF6 /* LaunchScreen.storyboard */; };
		C88358051E0E57BD00797CF6 /* WaterfallFlow_demoTests.m in Sources */ = {isa = PBXBuildFile; fileRef = C88358041E0E57BD00797CF6 /* WaterfallFlow_demoTests.m */; };
		C88358101E0E57BD00797CF6 /* WaterfallFlow_demoUITests.m in Sources */ = {isa = PBXBuildFile; fileRef = C883580F1E0E57BD00797CF6 /* WaterfallFlow_demoUITests.m */; };
		C8FFE3471E11280600950070 /* TagSelectView.m in Sources */ = {isa = PBXBuildFile; fileRef = C8FFE3461E11280600950070 /* TagSelectView.m */; };
		C8FFE34D1E11294800950070 /* TagSelectModel.m in Sources */ = {isa = PBXBuildFile; fileRef = C8FFE34C1E11294800950070 /* TagSelectModel.m */; };
		C8FFE3531E1148F800950070 /* TagWaterfallLayout.m in Sources */ = {isa = PBXBuildFile; fileRef = C8FFE3521E1148F800950070 /* TagWaterfallLayout.m */; };
/* End PBXBuildFile section */

/* Begin PBXContainerItemProxy section */
		C88358011E0E57BD00797CF6 /* PBXContainerItemProxy */ = {
			isa = PBXContainerItemProxy;
			containerPortal = C88357DF1E0E57BC00797CF6 /* Project object */;
			proxyType = 1;
			remoteGlobalIDString = C88357E61E0E57BC00797CF6;
			remoteInfo = "WaterfallFlow-demo";
		};
		C883580C1E0E57BD00797CF6 /* PBXContainerItemProxy */ = {
			isa = PBXContainerItemProxy;
			containerPortal = C88357DF1E0E57BC00797CF6 /* Project object */;
			proxyType = 1;
			remoteGlobalIDString = C88357E61E0E57BC00797CF6;
			remoteInfo = "WaterfallFlow-demo";
		};
/* End PBXContainerItemProxy section */

/* Begin PBXFileReference section */
		C88357E71E0E57BC00797CF6 /* WaterfallFlow-demo.app */ = {isa = PBXFileReference; explicitFileType = wrapper.application; includeInIndex = 0; path = "WaterfallFlow-demo.app"; sourceTree = BUILT_PRODUCTS_DIR; };
		C88357EB1E0E57BC00797CF6 /* main.m */ = {isa = PBXFileReference; lastKnownFileType = sourcecode.c.objc; path = main.m; sourceTree = "<group>"; };
		C88357ED1E0E57BC00797CF6 /* AppDelegate.h */ = {isa = PBXFileReference; lastKnownFileType = sourcecode.c.h; path = AppDelegate.h; sourceTree = "<group>"; };
		C88357EE1E0E57BC00797CF6 /* AppDelegate.m */ = {isa = PBXFileReference; lastKnownFileType = sourcecode.c.objc; path = AppDelegate.m; sourceTree = "<group>"; };
		C88357F01E0E57BC00797CF6 /* ViewController.h */ = {isa = PBXFileReference; lastKnownFileType = sourcecode.c.h; path = ViewController.h; sourceTree = "<group>"; };
		C88357F11E0E57BC00797CF6 /* ViewController.m */ = {isa = PBXFileReference; lastKnownFileType = sourcecode.c.objc; path = ViewController.m; sourceTree = "<group>"; };
		C88357F41E0E57BC00797CF6 /* Base */ = {isa = PBXFileReference; lastKnownFileType = file.storyboard; name = Base; path = Base.lproj/Main.storyboard; sourceTree = "<group>"; };
		C88357F61E0E57BC00797CF6 /* Assets.xcassets */ = {isa = PBXFileReference; lastKnownFileType = folder.assetcatalog; path = Assets.xcassets; sourceTree = "<group>"; };
		C88357F91E0E57BD00797CF6 /* Base */ = {isa = PBXFileReference; lastKnownFileType = file.storyboard; name = Base; path = Base.lproj/LaunchScreen.storyboard; sourceTree = "<group>"; };
		C88357FB1E0E57BD00797CF6 /* Info.plist */ = {isa = PBXFileReference; lastKnownFileType = text.plist.xml; path = Info.plist; sourceTree = "<group>"; };
		C88358001E0E57BD00797CF6 /* WaterfallFlow-demoTests.xctest */ = {isa = PBXFileReference; explicitFileType = wrapper.cfbundle; includeInIndex = 0; path = "WaterfallFlow-demoTests.xctest"; sourceTree = BUILT_PRODUCTS_DIR; };
		C88358041E0E57BD00797CF6 /* WaterfallFlow_demoTests.m */ = {isa = PBXFileReference; lastKnownFileType = sourcecode.c.objc; path = WaterfallFlow_demoTests.m; sourceTree = "<group>"; };
		C88358061E0E57BD00797CF6 /* Info.plist */ = {isa = PBXFileReference; lastKnownFileType = text.plist.xml; path = Info.plist; sourceTree = "<group>"; };
		C883580B1E0E57BD00797CF6 /* WaterfallFlow-demoUITests.xctest */ = {isa = PBXFileReference; explicitFileType = wrapper.cfbundle; includeInIndex = 0; path = "WaterfallFlow-demoUITests.xctest"; sourceTree = BUILT_PRODUCTS_DIR; };
		C883580F1E0E57BD00797CF6 /* WaterfallFlow_demoUITests.m */ = {isa = PBXFileReference; lastKnownFileType = sourcecode.c.objc; path = WaterfallFlow_demoUITests.m; sourceTree = "<group>"; };
		C88358111E0E57BD00797CF6 /* Info.plist */ = {isa = PBXFileReference; lastKnownFileType = text.plist.xml; path = Info.plist; sourceTree = "<group>"; };
		C8FFE3451E11280600950070 /* TagSelectView.h */ = {isa = PBXFileReference; fileEncoding = 4; lastKnownFileType = sourcecode.c.h; name = TagSelectView.h; path = "WaterfallFlow-demo/TagSelectView/TagSelectView.h"; sourceTree = SOURCE_ROOT; };
		C8FFE3461E11280600950070 /* TagSelectView.m */ = {isa = PBXFileReference; fileEncoding = 4; lastKnownFileType = sourcecode.c.objc; name = TagSelectView.m; path = "WaterfallFlow-demo/TagSelectView/TagSelectView.m"; sourceTree = SOURCE_ROOT; };
		C8FFE34B1E11294800950070 /* TagSelectModel.h */ = {isa = PBXFileReference; fileEncoding = 4; lastKnownFileType = sourcecode.c.h; name = TagSelectModel.h; path = "WaterfallFlow-demo/TagSelectView/TagSelectModel.h"; sourceTree = SOURCE_ROOT; };
		C8FFE34C1E11294800950070 /* TagSelectModel.m */ = {isa = PBXFileReference; fileEncoding = 4; lastKnownFileType = sourcecode.c.objc; name = TagSelectModel.m; path = "WaterfallFlow-demo/TagSelectView/TagSelectModel.m"; sourceTree = SOURCE_ROOT; };
		C8FFE3511E1148F800950070 /* TagWaterfallLayout.h */ = {isa = PBXFileReference; fileEncoding = 4; lastKnownFileType = sourcecode.c.h; path = TagWaterfallLayout.h; sourceTree = "<group>"; };
		C8FFE3521E1148F800950070 /* TagWaterfallLayout.m */ = {isa = PBXFileReference; fileEncoding = 4; lastKnownFileType = sourcecode.c.objc; path = TagWaterfallLayout.m; sourceTree = "<group>"; };
/* End PBXFileReference section */

/* Begin PBXFrameworksBuildPhase section */
		C88357E41E0E57BC00797CF6 /* Frameworks */ = {
			isa = PBXFrameworksBuildPhase;
			buildActionMask = 2147483647;
			files = (
			);
			runOnlyForDeploymentPostprocessing = 0;
		};
		C88357FD1E0E57BD00797CF6 /* Frameworks */ = {
			isa = PBXFrameworksBuildPhase;
			buildActionMask = 2147483647;
			files = (
			);
			runOnlyForDeploymentPostprocessing = 0;
		};
		C88358081E0E57BD00797CF6 /* Frameworks */ = {
			isa = PBXFrameworksBuildPhase;
			buildActionMask = 2147483647;
			files = (
			);
			runOnlyForDeploymentPostprocessing = 0;
		};
/* End PBXFrameworksBuildPhase section */

/* Begin PBXGroup section */
		C88357DE1E0E57BC00797CF6 = {
			isa = PBXGroup;
			children = (
				C88357E91E0E57BC00797CF6 /* WaterfallFlow-demo */,
				C88358031E0E57BD00797CF6 /* WaterfallFlow-demoTests */,
				C883580E1E0E57BD00797CF6 /* WaterfallFlow-demoUITests */,
				C88357E81E0E57BC00797CF6 /* Products */,
			);
			sourceTree = "<group>";
		};
		C88357E81E0E57BC00797CF6 /* Products */ = {
			isa = PBXGroup;
			children = (
				C88357E71E0E57BC00797CF6 /* WaterfallFlow-demo.app */,
				C88358001E0E57BD00797CF6 /* WaterfallFlow-demoTests.xctest */,
				C883580B1E0E57BD00797CF6 /* WaterfallFlow-demoUITests.xctest */,
			);
			name = Products;
			sourceTree = "<group>";
		};
		C88357E91E0E57BC00797CF6 /* WaterfallFlow-demo */ = {
			isa = PBXGroup;
			children = (
				C8FFE3411E1127C500950070 /* TagSelectView */,
				C88357ED1E0E57BC00797CF6 /* AppDelegate.h */,
				C88357EE1E0E57BC00797CF6 /* AppDelegate.m */,
				C88357F01E0E57BC00797CF6 /* ViewController.h */,
				C88357F11E0E57BC00797CF6 /* ViewController.m */,
				C88357F31E0E57BC00797CF6 /* Main.storyboard */,
				C88357F61E0E57BC00797CF6 /* Assets.xcassets */,
				C88357F81E0E57BD00797CF6 /* LaunchScreen.storyboard */,
				C88357FB1E0E57BD00797CF6 /* Info.plist */,
				C88357EA1E0E57BC00797CF6 /* Supporting Files */,
			);
			path = "WaterfallFlow-demo";
			sourceTree = "<group>";
		};
		C88357EA1E0E57BC00797CF6 /* Supporting Files */ = {
			isa = PBXGroup;
			children = (
				C88357EB1E0E57BC00797CF6 /* main.m */,
			);
			name = "Supporting Files";
			sourceTree = "<group>";
		};
		C88358031E0E57BD00797CF6 /* WaterfallFlow-demoTests */ = {
			isa = PBXGroup;
			children = (
				C88358041E0E57BD00797CF6 /* WaterfallFlow_demoTests.m */,
				C88358061E0E57BD00797CF6 /* Info.plist */,
			);
			path = "WaterfallFlow-demoTests";
			sourceTree = "<group>";
		};
		C883580E1E0E57BD00797CF6 /* WaterfallFlow-demoUITests */ = {
			isa = PBXGroup;
			children = (
				C883580F1E0E57BD00797CF6 /* WaterfallFlow_demoUITests.m */,
				C88358111E0E57BD00797CF6 /* Info.plist */,
			);
			path = "WaterfallFlow-demoUITests";
			sourceTree = "<group>";
		};
		C8FFE3411E1127C500950070 /* TagSelectView */ = {
			isa = PBXGroup;
			children = (
				C8FFE3451E11280600950070 /* TagSelectView.h */,
				C8FFE3461E11280600950070 /* TagSelectView.m */,
				C8FFE3511E1148F800950070 /* TagWaterfallLayout.h */,
				C8FFE3521E1148F800950070 /* TagWaterfallLayout.m */,
				C8FFE34B1E11294800950070 /* TagSelectModel.h */,
				C8FFE34C1E11294800950070 /* TagSelectModel.m */,
			);
			name = TagSelectView;
			path = tagSelectView;
			sourceTree = "<group>";
		};
/* End PBXGroup section */

/* Begin PBXNativeTarget section */
		C88357E61E0E57BC00797CF6 /* WaterfallFlow-demo */ = {
			isa = PBXNativeTarget;
			buildConfigurationList = C88358141E0E57BD00797CF6 /* Build configuration list for PBXNativeTarget "WaterfallFlow-demo" */;
			buildPhases = (
				C88357E31E0E57BC00797CF6 /* Sources */,
				C88357E41E0E57BC00797CF6 /* Frameworks */,
				C88357E51E0E57BC00797CF6 /* Resources */,
			);
			buildRules = (
			);
			dependencies = (
			);
			name = "WaterfallFlow-demo";
			productName = "WaterfallFlow-demo";
			productReference = C88357E71E0E57BC00797CF6 /* WaterfallFlow-demo.app */;
			productType = "com.apple.product-type.application";
		};
		C88357FF1E0E57BD00797CF6 /* WaterfallFlow-demoTests */ = {
			isa = PBXNativeTarget;
			buildConfigurationList = C88358171E0E57BD00797CF6 /* Build configuration list for PBXNativeTarget "WaterfallFlow-demoTests" */;
			buildPhases = (
				C88357FC1E0E57BD00797CF6 /* Sources */,
				C88357FD1E0E57BD00797CF6 /* Frameworks */,
				C88357FE1E0E57BD00797CF6 /* Resources */,
			);
			buildRules = (
			);
			dependencies = (
				C88358021E0E57BD00797CF6 /* PBXTargetDependency */,
			);
			name = "WaterfallFlow-demoTests";
			productName = "WaterfallFlow-demoTests";
			productReference = C88358001E0E57BD00797CF6 /* WaterfallFlow-demoTests.xctest */;
			productType = "com.apple.product-type.bundle.unit-test";
		};
		C883580A1E0E57BD00797CF6 /* WaterfallFlow-demoUITests */ = {
			isa = PBXNativeTarget;
			buildConfigurationList = C883581A1E0E57BD00797CF6 /* Build configuration list for PBXNativeTarget "WaterfallFlow-demoUITests" */;
			buildPhases = (
				C88358071E0E57BD00797CF6 /* Sources */,
				C88358081E0E57BD00797CF6 /* Frameworks */,
				C88358091E0E57BD00797CF6 /* Resources */,
			);
			buildRules = (
			);
			dependencies = (
				C883580D1E0E57BD00797CF6 /* PBXTargetDependency */,
			);
			name = "WaterfallFlow-demoUITests";
			productName = "WaterfallFlow-demoUITests";
			productReference = C883580B1E0E57BD00797CF6 /* WaterfallFlow-demoUITests.xctest */;
			productType = "com.apple.product-type.bundle.ui-testing";
		};
/* End PBXNativeTarget section */

/* Begin PBXProject section */
		C88357DF1E0E57BC00797CF6 /* Project object */ = {
			isa = PBXProject;
			attributes = {
				LastUpgradeCheck = 0820;
				ORGANIZATIONNAME = winter;
				TargetAttributes = {
					C88357E61E0E57BC00797CF6 = {
						CreatedOnToolsVersion = 8.1;
						ProvisioningStyle = Automatic;
					};
					C88357FF1E0E57BD00797CF6 = {
						CreatedOnToolsVersion = 8.1;
						ProvisioningStyle = Automatic;
						TestTargetID = C88357E61E0E57BC00797CF6;
					};
					C883580A1E0E57BD00797CF6 = {
						CreatedOnToolsVersion = 8.1;
						ProvisioningStyle = Automatic;
						TestTargetID = C88357E61E0E57BC00797CF6;
					};
				};
			};
			buildConfigurationList = C88357E21E0E57BC00797CF6 /* Build configuration list for PBXProject "WaterfallFlow-demo" */;
			compatibilityVersion = "Xcode 3.2";
			developmentRegion = English;
			hasScannedForEncodings = 0;
			knownRegions = (
				en,
				Base,
			);
			mainGroup = C88357DE1E0E57BC00797CF6;
			productRefGroup = C88357E81E0E57BC00797CF6 /* Products */;
			projectDirPath = "";
			projectRoot = "";
			targets = (
				C88357E61E0E57BC00797CF6 /* WaterfallFlow-demo */,
				C88357FF1E0E57BD00797CF6 /* WaterfallFlow-demoTests */,
				C883580A1E0E57BD00797CF6 /* WaterfallFlow-demoUITests */,
			);
		};
/* End PBXProject section */

/* Begin PBXResourcesBuildPhase section */
		C88357E51E0E57BC00797CF6 /* Resources */ = {
			isa = PBXResourcesBuildPhase;
			buildActionMask = 2147483647;
			files = (
				C88357FA1E0E57BD00797CF6 /* LaunchScreen.storyboard in Resources */,
				C88357F71E0E57BC00797CF6 /* Assets.xcassets in Resources */,
				C88357F51E0E57BC00797CF6 /* Main.storyboard in Resources */,
			);
			runOnlyForDeploymentPostprocessing = 0;
		};
		C88357FE1E0E57BD00797CF6 /* Resources */ = {
			isa = PBXResourcesBuildPhase;
			buildActionMask = 2147483647;
			files = (
			);
			runOnlyForDeploymentPostprocessing = 0;
		};
		C88358091E0E57BD00797CF6 /* Resources */ = {
			isa = PBXResourcesBuildPhase;
			buildActionMask = 2147483647;
			files = (
			);
			runOnlyForDeploymentPostprocessing = 0;
		};
/* End PBXResourcesBuildPhase section */

/* Begin PBXSourcesBuildPhase section */
		C88357E31E0E57BC00797CF6 /* Sources */ = {
			isa = PBXSourcesBuildPhase;
			buildActionMask = 2147483647;
			files = (
				C88357F21E0E57BC00797CF6 /* ViewController.m in Sources */,
				C8FFE34D1E11294800950070 /* TagSelectModel.m in Sources */,
				C88357EF1E0E57BC00797CF6 /* AppDelegate.m in Sources */,
				C8FFE3471E11280600950070 /* TagSelectView.m in Sources */,
				C88357EC1E0E57BC00797CF6 /* main.m in Sources */,
				C8FFE3531E1148F800950070 /* TagWaterfallLayout.m in Sources */,
			);
			runOnlyForDeploymentPostprocessing = 0;
		};
		C88357FC1E0E57BD00797CF6 /* Sources */ = {
			isa = PBXSourcesBuildPhase;
			buildActionMask = 2147483647;
			files = (
				C88358051E0E57BD00797CF6 /* WaterfallFlow_demoTests.m in Sources */,
			);
			runOnlyForDeploymentPostprocessing = 0;
		};
		C88358071E0E57BD00797CF6 /* Sources */ = {
			isa = PBXSourcesBuildPhase;
			buildActionMask = 2147483647;
			files = (
				C88358101E0E57BD00797CF6 /* WaterfallFlow_demoUITests.m in Sources */,
			);
			runOnlyForDeploymentPostprocessing = 0;
		};
/* End PBXSourcesBuildPhase section */

/* Begin PBXTargetDependency section */
		C88358021E0E57BD00797CF6 /* PBXTargetDependency */ = {
			isa = PBXTargetDependency;
			target = C88357E61E0E57BC00797CF6 /* WaterfallFlow-demo */;
			targetProxy = C88358011E0E57BD00797CF6 /* PBXContainerItemProxy */;
		};
		C883580D1E0E57BD00797CF6 /* PBXTargetDependency */ = {
			isa = PBXTargetDependency;
			target = C88357E61E0E57BC00797CF6 /* WaterfallFlow-demo */;
			targetProxy = C883580C1E0E57BD00797CF6 /* PBXContainerItemProxy */;
		};
/* End PBXTargetDependency section */

/* Begin PBXVariantGroup section */
		C88357F31E0E57BC00797CF6 /* Main.storyboard */ = {
			isa = PBXVariantGroup;
			children = (
				C88357F41E0E57BC00797CF6 /* Base */,
			);
			name = Main.storyboard;
			sourceTree = "<group>";
		};
		C88357F81E0E57BD00797CF6 /* LaunchScreen.storyboard */ = {
			isa = PBXVariantGroup;
			children = (
				C88357F91E0E57BD00797CF6 /* Base */,
			);
			name = LaunchScreen.storyboard;
			sourceTree = "<group>";
		};
/* End PBXVariantGroup section */

/* Begin XCBuildConfiguration section */
		C88358121E0E57BD00797CF6 /* Debug */ = {
			isa = XCBuildConfiguration;
			buildSettings = {
				ALWAYS_SEARCH_USER_PATHS = NO;
				CLANG_ANALYZER_NONNULL = YES;
				CLANG_CXX_LANGUAGE_STANDARD = "gnu++0x";
				CLANG_CXX_LIBRARY = "libc++";
				CLANG_ENABLE_MODULES = YES;
				CLANG_ENABLE_OBJC_ARC = YES;
				CLANG_WARN_BOOL_CONVERSION = YES;
				CLANG_WARN_CONSTANT_CONVERSION = YES;
				CLANG_WARN_DIRECT_OBJC_ISA_USAGE = YES_ERROR;
				CLANG_WARN_DOCUMENTATION_COMMENTS = YES;
				CLANG_WARN_EMPTY_BODY = YES;
				CLANG_WARN_ENUM_CONVERSION = YES;
				CLANG_WARN_INFINITE_RECURSION = YES;
				CLANG_WARN_INT_CONVERSION = YES;
				CLANG_WARN_OBJC_ROOT_CLASS = YES_ERROR;
				CLANG_WARN_SUSPICIOUS_MOVE = YES;
				CLANG_WARN_SUSPICIOUS_MOVES = YES;
				CLANG_WARN_UNREACHABLE_CODE = YES;
				CLANG_WARN__DUPLICATE_METHOD_MATCH = YES;
				"CODE_SIGN_IDENTITY[sdk=iphoneos*]" = "iPhone Developer";
				COPY_PHASE_STRIP = NO;
				DEBUG_INFORMATION_FORMAT = dwarf;
				ENABLE_STRICT_OBJC_MSGSEND = YES;
				ENABLE_TESTABILITY = YES;
				GCC_C_LANGUAGE_STANDARD = gnu99;
				GCC_DYNAMIC_NO_PIC = NO;
				GCC_NO_COMMON_BLOCKS = YES;
				GCC_OPTIMIZATION_LEVEL = 0;
				GCC_PREPROCESSOR_DEFINITIONS = (
					"DEBUG=1",
					"$(inherited)",
				);
				GCC_WARN_64_TO_32_BIT_CONVERSION = YES;
				GCC_WARN_ABOUT_RETURN_TYPE = YES_ERROR;
				GCC_WARN_UNDECLARED_SELECTOR = YES;
				GCC_WARN_UNINITIALIZED_AUTOS = YES_AGGRESSIVE;
				GCC_WARN_UNUSED_FUNCTION = YES;
				GCC_WARN_UNUSED_VARIABLE = YES;
				IPHONEOS_DEPLOYMENT_TARGET = 10.1;
				MTL_ENABLE_DEBUG_INFO = YES;
				ONLY_ACTIVE_ARCH = YES;
				SDKROOT = iphoneos;
			};
			name = Debug;
		};
		C88358131E0E57BD00797CF6 /* Release */ = {
			isa = XCBuildConfiguration;
			buildSettings = {
				ALWAYS_SEARCH_USER_PATHS = NO;
				CLANG_ANALYZER_NONNULL = YES;
				CLANG_CXX_LANGUAGE_STANDARD = "gnu++0x";
				CLANG_CXX_LIBRARY = "libc++";
				CLANG_ENABLE_MODULES = YES;
				CLANG_ENABLE_OBJC_ARC = YES;
				CLANG_WARN_BOOL_CONVERSION = YES;
				CLANG_WARN_CONSTANT_CONVERSION = YES;
				CLANG_WARN_DIRECT_OBJC_ISA_USAGE = YES_ERROR;
				CLANG_WARN_DOCUMENTATION_COMMENTS = YES;
				CLANG_WARN_EMPTY_BODY = YES;
				CLANG_WARN_ENUM_CONVERSION = YES;
				CLANG_WARN_INFINITE_RECURSION = YES;
				CLANG_WARN_INT_CONVERSION = YES;
				CLANG_WARN_OBJC_ROOT_CLASS = YES_ERROR;
				CLANG_WARN_SUSPICIOUS_MOVE = YES;
				CLANG_WARN_SUSPICIOUS_MOVES = YES;
				CLANG_WARN_UNREACHABLE_CODE = YES;
				CLANG_WARN__DUPLICATE_METHOD_MATCH = YES;
				"CODE_SIGN_IDENTITY[sdk=iphoneos*]" = "iPhone Developer";
				COPY_PHASE_STRIP = NO;
				DEBUG_INFORMATION_FORMAT = "dwarf-with-dsym";
				ENABLE_NS_ASSERTIONS = NO;
				ENABLE_STRICT_OBJC_MSGSEND = YES;
				GCC_C_LANGUAGE_STANDARD = gnu99;
				GCC_NO_COMMON_BLOCKS = YES;
				GCC_WARN_64_TO_32_BIT_CONVERSION = YES;
				GCC_WARN_ABOUT_RETURN_TYPE = YES_ERROR;
				GCC_WARN_UNDECLARED_SELECTOR = YES;
				GCC_WARN_UNINITIALIZED_AUTOS = YES_AGGRESSIVE;
				GCC_WARN_UNUSED_FUNCTION = YES;
				GCC_WARN_UNUSED_VARIABLE = YES;
				IPHONEOS_DEPLOYMENT_TARGET = 10.1;
				MTL_ENABLE_DEBUG_INFO = NO;
				SDKROOT = iphoneos;
				VALIDATE_PRODUCT = YES;
			};
			name = Release;
		};
		C88358151E0E57BD00797CF6 /* Debug */ = {
			isa = XCBuildConfiguration;
			buildSettings = {
				ASSETCATALOG_COMPILER_APPICON_NAME = AppIcon;
				INFOPLIST_FILE = "WaterfallFlow-demo/Info.plist";
				LD_RUNPATH_SEARCH_PATHS = "$(inherited) @executable_path/Frameworks";
				PRODUCT_BUNDLE_IDENTIFIER = "com.ailing.WaterfallFlow-demo";
				PRODUCT_NAME = "$(TARGET_NAME)";
			};
			name = Debug;
		};
		C88358161E0E57BD00797CF6 /* Release */ = {
			isa = XCBuildConfiguration;
			buildSettings = {
				ASSETCATALOG_COMPILER_APPICON_NAME = AppIcon;
				INFOPLIST_FILE = "WaterfallFlow-demo/Info.plist";
				LD_RUNPATH_SEARCH_PATHS = "$(inherited) @executable_path/Frameworks";
				PRODUCT_BUNDLE_IDENTIFIER = "com.ailing.WaterfallFlow-demo";
				PRODUCT_NAME = "$(TARGET_NAME)";
			};
			name = Release;
		};
		C88358181E0E57BD00797CF6 /* Debug */ = {
			isa = XCBuildConfiguration;
			buildSettings = {
				BUNDLE_LOADER = "$(TEST_HOST)";
				INFOPLIST_FILE = "WaterfallFlow-demoTests/Info.plist";
				LD_RUNPATH_SEARCH_PATHS = "$(inherited) @executable_path/Frameworks @loader_path/Frameworks";
				PRODUCT_BUNDLE_IDENTIFIER = "com.ailing.WaterfallFlow-demoTests";
				PRODUCT_NAME = "$(TARGET_NAME)";
				TEST_HOST = "$(BUILT_PRODUCTS_DIR)/WaterfallFlow-demo.app/WaterfallFlow-demo";
			};
			name = Debug;
		};
		C88358191E0E57BD00797CF6 /* Release */ = {
			isa = XCBuildConfiguration;
			buildSettings = {
				BUNDLE_LOADER = "$(TEST_HOST)";
				INFOPLIST_FILE = "WaterfallFlow-demoTests/Info.plist";
				LD_RUNPATH_SEARCH_PATHS = "$(inherited) @executable_path/Frameworks @loader_path/Frameworks";
				PRODUCT_BUNDLE_IDENTIFIER = "com.ailing.WaterfallFlow-demoTests";
				PRODUCT_NAME = "$(TARGET_NAME)";
				TEST_HOST = "$(BUILT_PRODUCTS_DIR)/WaterfallFlow-demo.app/WaterfallFlow-demo";
			};
			name = Release;
		};
		C883581B1E0E57BD00797CF6 /* Debug */ = {
			isa = XCBuildConfiguration;
			buildSettings = {
				INFOPLIST_FILE = "WaterfallFlow-demoUITests/Info.plist";
				LD_RUNPATH_SEARCH_PATHS = "$(inherited) @executable_path/Frameworks @loader_path/Frameworks";
				PRODUCT_BUNDLE_IDENTIFIER = "com.ailing.WaterfallFlow-demoUITests";
				PRODUCT_NAME = "$(TARGET_NAME)";
				TEST_TARGET_NAME = "WaterfallFlow-demo";
			};
			name = Debug;
		};
		C883581C1E0E57BD00797CF6 /* Release */ = {
			isa = XCBuildConfiguration;
			buildSettings = {
				INFOPLIST_FILE = "WaterfallFlow-demoUITests/Info.plist";
				LD_RUNPATH_SEARCH_PATHS = "$(inherited) @executable_path/Frameworks @loader_path/Frameworks";
				PRODUCT_BUNDLE_IDENTIFIER = "com.ailing.WaterfallFlow-demoUITests";
				PRODUCT_NAME = "$(TARGET_NAME)";
				TEST_TARGET_NAME = "WaterfallFlow-demo";
			};
			name = Release;
		};
/* End XCBuildConfiguration section */

/* Begin XCConfigurationList section */
		C88357E21E0E57BC00797CF6 /* Build configuration list for PBXProject "WaterfallFlow-demo" */ = {
			isa = XCConfigurationList;
			buildConfigurations = (
				C88358121E0E57BD00797CF6 /* Debug */,
				C88358131E0E57BD00797CF6 /* Release */,
			);
			defaultConfigurationIsVisible = 0;
			defaultConfigurationName = Release;
		};
		C88358141E0E57BD00797CF6 /* Build configuration list for PBXNativeTarget "WaterfallFlow-demo" */ = {
			isa = XCConfigurationList;
			buildConfigurations = (
				C88358151E0E57BD00797CF6 /* Debug */,
				C88358161E0E57BD00797CF6 /* Release */,
			);
			defaultConfigurationIsVisible = 0;
			defaultConfigurationName = Release;
		};
		C88358171E0E57BD00797CF6 /* Build configuration list for PBXNativeTarget "WaterfallFlow-demoTests" */ = {
			isa = XCConfigurationList;
			buildConfigurations = (
				C88358181E0E57BD00797CF6 /* Debug */,
				C88358191E0E57BD00797CF6 /* Release */,
			);
			defaultConfigurationIsVisible = 0;
			defaultConfigurationName = Release;
		};
		C883581A1E0E57BD00797CF6 /* Build configuration list for PBXNativeTarget "WaterfallFlow-demoUITests" */ = {
			isa = XCConfigurationList;
			buildConfigurations = (
				C883581B1E0E57BD00797CF6 /* Debug */,
				C883581C1E0E57BD00797CF6 /* Release */,
			);
			defaultConfigurationIsVisible = 0;
			defaultConfigurationName = Release;
		};
/* End XCConfigurationList section */
	};
	rootObject = C88357DF1E0E57BC00797CF6 /* Project object */;
}
